{
  "version": 4,
  "terraform_version": "1.14.5",
  "serial": 242,
  "lineage": "f1428e93-0d41-a2d9-bbd1-ffaa9b4658ed",
  "outputs": {
    "cloud_function_name": {
      "value": "process-localstack-event",
      "type": "string"
    },
    "cloud_sql_instance_connection_name": {
      "value": "hybrid-pipeline-demo-2026:us-central1:pipeline-sql-instance",
      "type": "string"
    },
    "cloud_sql_instance_name": {
      "value": "pipeline-sql-instance",
      "type": "string"
    },
    "cloud_sql_public_ip": {
      "value": "34.67.89.94",
      "type": "string"
    },
    "dynamodb_table_name": {
      "value": "processed-records",
      "type": "string"
    },
    "pubsub_topic_id": {
      "value": "projects/hybrid-pipeline-demo-2026/topics/localstack-events",
      "type": "string"
    },
    "s3_bucket_name": {
      "value": "hybrid-cloud-bucket",
      "type": "string"
    },
    "sqs_dlq_url": {
      "value": "http://sqs.us-east-1.localhost.localstack.cloud:4566/000000000000/data-processing-queue-dlq",
      "type": "string"
    },
    "sqs_queue_url": {
      "value": "http://sqs.us-east-1.localhost.localstack.cloud:4566/000000000000/data-processing-queue",
      "type": "string"
    }
  },
  "resources": [
    {
      "mode": "data",
      "type": "archive_file",
      "name": "processor_function_zip",
      "provider": "provider[\"registry.terraform.io/hashicorp/archive\"]",
      "instances": [
        {
          "schema_version": 0,
          "attributes": {
            "exclude_symlink_directories": null,
            "excludes": null,
            "id": "4f85f6dfe33c2ccb62590be9960222ad8c77f421",
            "output_base64sha256": "hXtSwx9c7qwgPNCj6w5LUAmxbwm6mkVEq0mCYaviF94=",
            "output_base64sha512": "+U0MrkjzoNIJaL6cxu5QS4oKZyIB/BhDdkv5V1GcGv5ygp6TN/wo1BwD53YTxXmwzyTzd5e609bvKjB7QAzVPQ==",
            "output_file_mode": null,
            "output_md5": "ba4e6014bbffb7d74f1011b0660ea924",
            "output_path": "./../src/processor_function.zip",
            "output_sha": "4f85f6dfe33c2ccb62590be9960222ad8c77f421",
            "output_sha256": "857b52c31f5ceeac203cd0a3eb0e4b5009b16f09ba9a4544ab498261abe217de",
            "output_sha512": "f94d0cae48f3a0d20968be9cc6ee504b8a0a672201fc1843764bf957519c1afe72829e9337fc28d41c03e77613c579b0cf24f37797bad3d6ef2a307b400cd53d",
            "output_size": 2864,
            "source": [],
            "source_content": null,
            "source_content_filename": null,
            "source_dir": "./../src/processor_function",
            "source_file": null,
            "type": "zip"
          },
          "sensitive_attributes": [],
          "identity_schema_version": 0
        }
      ]
    },
    {
      "mode": "data",
      "type": "google_project",
      "name": "project",
      "provider": "provider[\"registry.terraform.io/hashicorp/google\"]",
      "instances": [
        {
          "schema_version": 0,
          "attributes": {
            "auto_create_network": null,
            "billing_account": null,
            "folder_id": null,
            "id": "projects/hybrid-pipeline-demo-2026",
            "labels": {},
            "name": "Hybrid Pipeline Demo",
            "number": "838280739158",
            "org_id": null,
            "project_id": "hybrid-pipeline-demo-2026",
            "skip_delete": null
          },
          "sensitive_attributes": [],
          "identity_schema_version": 0
        }
      ]
    },
    {
      "mode": "managed",
      "type": "aws_dynamodb_table",
      "name": "processed_records",
      "provider": "provider[\"registry.terraform.io/hashicorp/aws\"]",
      "instances": [
        {
          "schema_version": 1,
          "attributes": {
            "arn": "arn:aws:dynamodb:us-east-1:000000000000:table/processed-records",
            "attribute": [
              {
                "name": "recordId",
                "type": "S"
              },
              {
                "name": "userEmail",
                "type": "S"
              }
            ],
            "billing_mode": "PAY_PER_REQUEST",
            "deletion_protection_enabled": false,
            "global_secondary_index": [
              {
                "hash_key": "userEmail",
                "name": "UserEmailIndex",
                "non_key_attributes": [],
                "projection_type": "ALL",
                "range_key": "",
                "read_capacity": null,
                "write_capacity": null
              }
            ],
            "hash_key": "recordId",
            "id": "processed-records",
            "local_secondary_index": [],
            "name": "processed-records",
            "point_in_time_recovery": [
              {
                "enabled": true
              }
            ],
            "range_key": null,
            "read_capacity": 0,
            "replica": [],
            "restore_date_time": null,
            "restore_source_name": null,
            "restore_to_latest_time": null,
            "server_side_encryption": [],
            "stream_arn": "",
            "stream_enabled": false,
            "stream_label": "",
            "stream_view_type": "",
            "table_class": "STANDARD",
            "tags": {
              "Environment": "local",
              "Name": "processed-records",
              "Project": "hybrid-cloud-pipeline"
            },
            "tags_all": {
              "Environment": "local",
              "Name": "processed-records",
              "Project": "hybrid-cloud-pipeline"
            },
            "timeouts": null,
            "ttl": [
              {
                "attribute_name": "",
                "enabled": false
              }
            ],
            "write_capacity": 0
          },
          "sensitive_attributes": [],
          "identity_schema_version": 0,
          "private": "eyJlMmJmYjczMC1lY2FhLTExZTYtOGY4OC0zNDM2M2JjN2M0YzAiOnsiY3JlYXRlIjoxODAwMDAwMDAwMDAwLCJkZWxldGUiOjYwMDAwMDAwMDAwMCwidXBkYXRlIjozNjAwMDAwMDAwMDAwfSwic2NoZW1hX3ZlcnNpb24iOiIxIn0="
        }
      ]
    },
    {
      "mode": "managed",
      "type": "aws_iam_role",
      "name": "bridge_role",
      "provider": "provider[\"registry.terraform.io/hashicorp/aws\"]",
      "instances": [
        {
          "schema_version": 0,
          "attributes": {
            "arn": "arn:aws:iam::000000000000:role/bridge-app-role",
            "assume_role_policy": "{\"Statement\":[{\"Action\":\"sts:AssumeRole\",\"Effect\":\"Allow\",\"Principal\":{\"Service\":\"ec2.amazonaws.com\"}}],\"Version\":\"2012-10-17\"}",
            "create_date": "2026-06-13T06:23:03Z",
            "description": "",
            "force_detach_policies": false,
            "id": "bridge-app-role",
            "inline_policy": [
              {
                "name": "bridge-app-policy",
                "policy": "{\"Version\":\"2012-10-17\",\"Statement\":[{\"Action\":[\"sqs:ReceiveMessage\",\"sqs:DeleteMessage\",\"sqs:GetQueueAttributes\",\"sqs:ChangeMessageVisibility\"],\"Effect\":\"Allow\",\"Resource\":\"arn:aws:sqs:us-east-1:000000000000:data-processing-queue\"},{\"Action\":[\"s3:GetObject\",\"s3:ListBucket\"],\"Effect\":\"Allow\",\"Resource\":[\"arn:aws:s3:::hybrid-cloud-bucket\",\"arn:aws:s3:::hybrid-cloud-bucket/*\"]},{\"Action\":[\"dynamodb:PutItem\",\"dynamodb:GetItem\",\"dynamodb:UpdateItem\",\"dynamodb:Query\",\"dynamodb:Scan\"],\"Effect\":\"Allow\",\"Resource\":\"arn:aws:dynamodb:us-east-1:000000000000:table/processed-records\"}]}"
              }
            ],
            "managed_policy_arns": [],
            "max_session_duration": 3600,
            "name": "bridge-app-role",
            "name_prefix": "",
            "path": "/",
            "permissions_boundary": null,
            "role_last_used": [
              {
                "last_used_date": "",
                "region": ""
              }
            ],
            "tags": {
              "Name": "bridge-app-role",
              "Project": "hybrid-cloud-pipeline"
            },
            "tags_all": {
              "Name": "bridge-app-role",
              "Project": "hybrid-cloud-pipeline"
            },
            "unique_id": "AROAQAAAAAAABOBXFOM6F"
          },
          "sensitive_attributes": [],
          "identity_schema_version": 0,
          "private": "bnVsbA=="
        }
      ]
    },
    {
      "mode": "managed",
      "type": "aws_iam_role_policy",
      "name": "bridge_policy",
      "provider": "provider[\"registry.terraform.io/hashicorp/aws\"]",
      "instances": [
        {
          "schema_version": 0,
          "attributes": {
            "id": "bridge-app-role:bridge-app-policy",
            "name": "bridge-app-policy",
            "name_prefix": null,
            "policy": "{\"Version\":\"2012-10-17\",\"Statement\":[{\"Action\":[\"sqs:ReceiveMessage\",\"sqs:DeleteMessage\",\"sqs:GetQueueAttributes\",\"sqs:ChangeMessageVisibility\"],\"Effect\":\"Allow\",\"Resource\":\"arn:aws:sqs:us-east-1:000000000000:data-processing-queue\"},{\"Action\":[\"s3:GetObject\",\"s3:ListBucket\"],\"Effect\":\"Allow\",\"Resource\":[\"arn:aws:s3:::hybrid-cloud-bucket\",\"arn:aws:s3:::hybrid-cloud-bucket/*\"]},{\"Action\":[\"dynamodb:PutItem\",\"dynamodb:GetItem\",\"dynamodb:UpdateItem\",\"dynamodb:Query\",\"dynamodb:Scan\"],\"Effect\":\"Allow\",\"Resource\":\"arn:aws:dynamodb:us-east-1:000000000000:table/processed-records\"}]}",
            "role": "bridge-app-role"
          },
          "sensitive_attributes": [],
          "identity_schema_version": 0,
          "private": "bnVsbA==",
          "dependencies": [
            "aws_dynamodb_table.processed_records",
            "aws_iam_role.bridge_role",
            "aws_s3_bucket.hybrid_bucket",
            "aws_sqs_queue.data_processing_dlq",
            "aws_sqs_queue.data_processing_queue"
          ]
        }
      ]
    },
    {
      "mode": "managed",
      "type": "aws_s3_bucket",
      "name": "hybrid_bucket",
      "provider": "provider[\"registry.terraform.io/hashicorp/aws\"]",
      "instances": [
        {
          "schema_version": 0,
          "attributes": {
            "acceleration_status": "",
            "acl": null,
            "arn": "arn:aws:s3:::hybrid-cloud-bucket",
            "bucket": "hybrid-cloud-bucket",
            "bucket_domain_name": "hybrid-cloud-bucket.s3.amazonaws.com",
            "bucket_prefix": "",
            "bucket_regional_domain_name": "hybrid-cloud-bucket.s3.amazonaws.com",
            "cors_rule": [],
            "force_destroy": true,
            "grant": [
              {
                "id": "75aa57f09aa0c8caeab4f8c24e99d10f8e7faeebf76c078efc7c6caea54ba06a",
                "permissions": [
                  "FULL_CONTROL"
                ],
                "type": "CanonicalUser",
                "uri": ""
              }
            ],
            "hosted_zone_id": "Z3AQBSTGFYJSTF",
            "id": "hybrid-cloud-bucket",
            "lifecycle_rule": [],
            "logging": [],
            "object_lock_configuration": [],
            "object_lock_enabled": false,
            "policy": "",
            "region": "us-east-1",
            "replication_configuration": [],
            "request_payer": "BucketOwner",
            "server_side_encryption_configuration": [
              {
                "rule": [
                  {
                    "apply_server_side_encryption_by_default": [
                      {
                        "kms_master_key_id": "",
                        "sse_algorithm": "AES256"
                      }
                    ],
                    "bucket_key_enabled": false
                  }
                ]
              }
            ],
            "tags": {
              "Environment": "local",
              "Name": "hybrid-cloud-bucket",
              "Project": "hybrid-cloud-pipeline"
            },
            "tags_all": {
              "Environment": "local",
              "Name": "hybrid-cloud-bucket",
              "Project": "hybrid-cloud-pipeline"
            },
            "timeouts": null,
            "versioning": [
              {
                "enabled": false,
                "mfa_delete": false
              }
            ],
            "website": [],
            "website_domain": null,
            "website_endpoint": null
          },
          "sensitive_attributes": [],
          "identity_schema_version": 0,
          "private": "eyJlMmJmYjczMC1lY2FhLTExZTYtOGY4OC0zNDM2M2JjN2M0YzAiOnsiY3JlYXRlIjoxMjAwMDAwMDAwMDAwLCJkZWxldGUiOjM2MDAwMDAwMDAwMDAsInJlYWQiOjEyMDAwMDAwMDAwMDAsInVwZGF0ZSI6MTIwMDAwMDAwMDAwMH19"
        }
      ]
    },
    {
      "mode": "managed",
      "type": "aws_s3_bucket_notification",
      "name": "bucket_notification",
      "provider": "provider[\"registry.terraform.io/hashicorp/aws\"]",
      "instances": [
        {
          "schema_version": 0,
          "attributes": {
            "bucket": "hybrid-cloud-bucket",
            "eventbridge": false,
            "id": "hybrid-cloud-bucket",
            "lambda_function": [],
            "queue": [
              {
                "events": [
                  "s3:ObjectCreated:*"
                ],
                "filter_prefix": "",
                "filter_suffix": ".json",
                "id": "tf-s3-queue-20260616051359240900000001",
                "queue_arn": "arn:aws:sqs:us-east-1:000000000000:data-processing-queue"
              }
            ],
            "topic": []
          },
          "sensitive_attributes": [],
          "identity_schema_version": 0,
          "private": "bnVsbA==",
          "dependencies": [
            "aws_s3_bucket.hybrid_bucket",
            "aws_sqs_queue.data_processing_dlq",
            "aws_sqs_queue.data_processing_queue",
            "aws_sqs_queue_policy.allow_s3_notifications"
          ]
        }
      ]
    },
    {
      "mode": "managed",
      "type": "aws_s3_bucket_versioning",
      "name": "hybrid_bucket_versioning",
      "provider": "provider[\"registry.terraform.io/hashicorp/aws\"]",
      "instances": [
        {
          "schema_version": 0,
          "attributes": {
            "bucket": "hybrid-cloud-bucket",
            "expected_bucket_owner": "",
            "id": "hybrid-cloud-bucket",
            "mfa": null,
            "versioning_configuration": [
              {
                "mfa_delete": "",
                "status": "Enabled"
              }
            ]
          },
          "sensitive_attributes": [],
          "identity_schema_version": 0,
          "private": "bnVsbA==",
          "dependencies": [
            "aws_s3_bucket.hybrid_bucket"
          ]
        }
      ]
    },
    {
      "mode": "managed",
      "type": "aws_sqs_queue",
      "name": "data_processing_dlq",
      "provider": "provider[\"registry.terraform.io/hashicorp/aws\"]",
      "instances": [
        {
          "schema_version": 0,
          "attributes": {
            "arn": "arn:aws:sqs:us-east-1:000000000000:data-processing-queue-dlq",
            "content_based_deduplication": false,
            "deduplication_scope": "",
            "delay_seconds": 0,
            "fifo_queue": false,
            "fifo_throughput_limit": "",
            "id": "http://sqs.us-east-1.localhost.localstack.cloud:4566/000000000000/data-processing-queue-dlq",
            "kms_data_key_reuse_period_seconds": 300,
            "kms_master_key_id": "",
            "max_message_size": 262144,
            "message_retention_seconds": 1209600,
            "name": "data-processing-queue-dlq",
            "name_prefix": "",
            "policy": "",
            "receive_wait_time_seconds": 0,
            "redrive_allow_policy": "",
            "redrive_policy": "",
            "sqs_managed_sse_enabled": true,
            "tags": {
              "Environment": "local",
              "Name": "data-processing-queue-dlq",
              "Project": "hybrid-cloud-pipeline"
            },
            "tags_all": {
              "Environment": "local",
              "Name": "data-processing-queue-dlq",
              "Project": "hybrid-cloud-pipeline"
            },
            "url": "http://sqs.us-east-1.localhost.localstack.cloud:4566/000000000000/data-processing-queue-dlq",
            "visibility_timeout_seconds": 30
          },
          "sensitive_attributes": [],
          "identity_schema_version": 0,
          "private": "bnVsbA=="
        }
      ]
    },
    {
      "mode": "managed",
      "type": "aws_sqs_queue",
      "name": "data_processing_queue",
      "provider": "provider[\"registry.terraform.io/hashicorp/aws\"]",
      "instances": [
        {
          "schema_version": 0,
          "attributes": {
            "arn": "arn:aws:sqs:us-east-1:000000000000:data-processing-queue",
            "content_based_deduplication": false,
            "deduplication_scope": "",
            "delay_seconds": 0,
            "fifo_queue": false,
            "fifo_throughput_limit": "",
            "id": "http://sqs.us-east-1.localhost.localstack.cloud:4566/000000000000/data-processing-queue",
            "kms_data_key_reuse_period_seconds": 300,
            "kms_master_key_id": "",
            "max_message_size": 262144,
            "message_retention_seconds": 86400,
            "name": "data-processing-queue",
            "name_prefix": "",
            "policy": "",
            "receive_wait_time_seconds": 20,
            "redrive_allow_policy": "",
            "redrive_policy": "{\"deadLetterTargetArn\":\"arn:aws:sqs:us-east-1:000000000000:data-processing-queue-dlq\",\"maxReceiveCount\":3}",
            "sqs_managed_sse_enabled": true,
            "tags": {
              "Environment": "local",
              "Name": "data-processing-queue",
              "Project": "hybrid-cloud-pipeline"
            },
            "tags_all": {
              "Environment": "local",
              "Name": "data-processing-queue",
              "Project": "hybrid-cloud-pipeline"
            },
            "url": "http://sqs.us-east-1.localhost.localstack.cloud:4566/000000000000/data-processing-queue",
            "visibility_timeout_seconds": 60
          },
          "sensitive_attributes": [],
          "identity_schema_version": 0,
          "private": "bnVsbA==",
          "dependencies": [
            "aws_sqs_queue.data_processing_dlq"
          ]
        }
      ]
    },
    {
      "mode": "managed",
      "type": "aws_sqs_queue_policy",
      "name": "allow_s3_notifications",
      "provider": "provider[\"registry.terraform.io/hashicorp/aws\"]",
      "instances": [
        {
          "schema_version": 1,
          "attributes": {
            "id": "http://sqs.us-east-1.localhost.localstack.cloud:4566/000000000000/data-processing-queue",
            "policy": "{\"Statement\":[{\"Action\":\"sqs:SendMessage\",\"Condition\":{\"ArnLike\":{\"aws:SourceArn\":\"arn:aws:s3:::hybrid-cloud-bucket\"}},\"Effect\":\"Allow\",\"Principal\":{\"Service\":\"s3.amazonaws.com\"},\"Resource\":\"arn:aws:sqs:us-east-1:000000000000:data-processing-queue\",\"Sid\":\"AllowS3ToSendMessage\"}],\"Version\":\"2012-10-17\"}",
            "queue_url": "http://sqs.us-east-1.localhost.localstack.cloud:4566/000000000000/data-processing-queue"
          },
          "sensitive_attributes": [],
          "identity_schema_version": 0,
          "private": "eyJzY2hlbWFfdmVyc2lvbiI6IjEifQ==",
          "dependencies": [
            "aws_sqs_queue.data_processing_dlq",
            "aws_sqs_queue.data_processing_queue"
          ]
        }
      ]
    },
    {
      "mode": "managed",
      "type": "google_cloudfunctions_function",
      "name": "processor_function",
      "provider": "provider[\"registry.terraform.io/hashicorp/google\"]",
      "instances": [
        {
          "schema_version": 0,
          "attributes": {
            "available_memory_mb": 256,
            "build_environment_variables": null,
            "build_worker_pool": "",
            "description": "Processes Pub/Sub messages from LocalStack pipeline",
            "docker_registry": "ARTIFACT_REGISTRY",
            "docker_repository": "",
            "entry_point": "process_event",
            "environment_variables": {
              "AWS_ACCESS_KEY_ID": "test",
              "AWS_DEFAULT_REGION": "us-east-1",
              "AWS_SECRET_ACCESS_KEY": "test",
              "CLOUD_SQL_CONNECTION_NAME": "hybrid-pipeline-demo-2026:us-central1:pipeline-sql-instance",
              "CLOUD_SQL_DB_NAME": "pipelinedb",
              "CLOUD_SQL_USER": "pipeline_user",
              "DYNAMODB_ENDPOINT_URL": "http://localhost:4566",
              "DYNAMODB_TABLE_NAME": "processed-records",
              "GCP_PROJECT_ID": "hybrid-pipeline-demo-2026"
            },
            "event_trigger": [
              {
                "event_type": "google.pubsub.topic.publish",
                "failure_policy": [
                  {
                    "retry": true
                  }
                ],
                "resource": "projects/hybrid-pipeline-demo-2026/topics/localstack-events"
              }
            ],
            "https_trigger_security_level": null,
            "https_trigger_url": null,
            "id": "projects/hybrid-pipeline-demo-2026/locations/us-central1/functions/process-localstack-event",
            "ingress_settings": "ALLOW_ALL",
            "kms_key_name": "",
            "labels": null,
            "max_instances": 3000,
            "min_instances": 0,
            "name": "process-localstack-event",
            "project": "hybrid-pipeline-demo-2026",
            "region": "us-central1",
            "runtime": "python310",
            "secret_environment_variables": [
              {
                "key": "CLOUD_SQL_PASSWORD",
                "project_id": "838280739158",
                "secret": "pipeline-sql-password",
                "version": "latest"
              }
            ],
            "secret_volumes": [],
            "service_account_email": "hybrid-pipeline-demo-2026@appspot.gserviceaccount.com",
            "source_archive_bucket": "hybrid-pipeline-demo-2026-function-source",
            "source_archive_object": "processor_function_ba4e6014bbffb7d74f1011b0660ea924.zip",
            "source_repository": [],
            "status": "ACTIVE",
            "timeout": 120,
            "timeouts": null,
            "trigger_http": null,
            "vpc_connector": "",
            "vpc_connector_egress_settings": ""
          },
          "sensitive_attributes": [],
          "identity_schema_version": 0,
          "private": "eyJlMmJmYjczMC1lY2FhLTExZTYtOGY4OC0zNDM2M2JjN2M0YzAiOnsiY3JlYXRlIjozMDAwMDAwMDAwMDAsImRlbGV0ZSI6MzAwMDAwMDAwMDAwLCJyZWFkIjozMDAwMDAwMDAwMDAsInVwZGF0ZSI6MzAwMDAwMDAwMDAwfX0=",
          "dependencies": [
            "data.archive_file.processor_function_zip",
            "data.google_project.project",
            "google_project_iam_member.gcf_build_sa_storage",
            "google_project_service.cloudbuild_api",
            "google_project_service.cloudfunctions_api",
            "google_project_service.pubsub_api",
            "google_project_service.secretmanager_api",
            "google_project_service.sqladmin_api",
            "google_project_service.storage_api",
            "google_pubsub_topic.localstack_events",
            "google_secret_manager_secret.sql_password",
            "google_sql_database_instance.pipeline_instance",
            "google_storage_bucket.function_source_bucket",
            "google_storage_bucket_object.processor_function_source"
          ]
        }
      ]
    },
    {
      "mode": "managed",
      "type": "google_project_iam_member",
      "name": "gcf_build_sa_storage",
      "provider": "provider[\"registry.terraform.io/hashicorp/google\"]",
      "instances": [
        {
          "schema_version": 0,
          "attributes": {
            "condition": [],
            "etag": "BwZUHKBlYOc=",
            "id": "hybrid-pipeline-demo-2026/roles/storage.objectViewer/serviceAccount:838280739158-compute@developer.gserviceaccount.com",
            "member": "serviceAccount:838280739158-compute@developer.gserviceaccount.com",
            "project": "hybrid-pipeline-demo-2026",
            "role": "roles/storage.objectViewer"
          },
          "sensitive_attributes": [],
          "identity_schema_version": 0,
          "private": "bnVsbA==",
          "dependencies": [
            "data.google_project.project"
          ]
        }
      ]
    },
    {
      "mode": "managed",
      "type": "google_project_service",
      "name": "cloudbuild_api",
      "provider": "provider[\"registry.terraform.io/hashicorp/google\"]",
      "instances": [
        {
          "schema_version": 0,
          "attributes": {
            "disable_dependent_services": null,
            "disable_on_destroy": false,
            "id": "hybrid-pipeline-demo-2026/cloudbuild.googleapis.com",
            "project": "hybrid-pipeline-demo-2026",
            "service": "cloudbuild.googleapis.com",
            "timeouts": null
          },
          "sensitive_attributes": [],
          "identity_schema_version": 0,
          "private": "eyJlMmJmYjczMC1lY2FhLTExZTYtOGY4OC0zNDM2M2JjN2M0YzAiOnsiY3JlYXRlIjoxMjAwMDAwMDAwMDAwLCJkZWxldGUiOjEyMDAwMDAwMDAwMDAsInJlYWQiOjYwMDAwMDAwMDAwMCwidXBkYXRlIjoxMjAwMDAwMDAwMDAwfX0="
        }
      ]
    },
    {
      "mode": "managed",
      "type": "google_project_service",
      "name": "cloudfunctions_api",
      "provider": "provider[\"registry.terraform.io/hashicorp/google\"]",
      "instances": [
        {
          "schema_version": 0,
          "attributes": {
            "disable_dependent_services": null,
            "disable_on_destroy": false,
            "id": "hybrid-pipeline-demo-2026/cloudfunctions.googleapis.com",
            "project": "hybrid-pipeline-demo-2026",
            "service": "cloudfunctions.googleapis.com",
            "timeouts": null
          },
          "sensitive_attributes": [],
          "identity_schema_version": 0,
          "private": "eyJlMmJmYjczMC1lY2FhLTExZTYtOGY4OC0zNDM2M2JjN2M0YzAiOnsiY3JlYXRlIjoxMjAwMDAwMDAwMDAwLCJkZWxldGUiOjEyMDAwMDAwMDAwMDAsInJlYWQiOjYwMDAwMDAwMDAwMCwidXBkYXRlIjoxMjAwMDAwMDAwMDAwfX0="
        }
      ]
    },
    {
      "mode": "managed",
      "type": "google_project_service",
      "name": "pubsub_api",
      "provider": "provider[\"registry.terraform.io/hashicorp/google\"]",
      "instances": [
        {
          "schema_version": 0,
          "attributes": {
            "disable_dependent_services": null,
            "disable_on_destroy": false,
            "id": "hybrid-pipeline-demo-2026/pubsub.googleapis.com",
            "project": "hybrid-pipeline-demo-2026",
            "service": "pubsub.googleapis.com",
            "timeouts": null
          },
          "sensitive_attributes": [],
          "identity_schema_version": 0,
          "private": "eyJlMmJmYjczMC1lY2FhLTExZTYtOGY4OC0zNDM2M2JjN2M0YzAiOnsiY3JlYXRlIjoxMjAwMDAwMDAwMDAwLCJkZWxldGUiOjEyMDAwMDAwMDAwMDAsInJlYWQiOjYwMDAwMDAwMDAwMCwidXBkYXRlIjoxMjAwMDAwMDAwMDAwfX0="
        }
      ]
    },
    {
      "mode": "managed",
      "type": "google_project_service",
      "name": "secretmanager_api",
      "provider": "provider[\"registry.terraform.io/hashicorp/google\"]",
      "instances": [
        {
          "schema_version": 0,
          "attributes": {
            "disable_dependent_services": null,
            "disable_on_destroy": false,
            "id": "hybrid-pipeline-demo-2026/secretmanager.googleapis.com",
            "project": "hybrid-pipeline-demo-2026",
            "service": "secretmanager.googleapis.com",
            "timeouts": null
          },
          "sensitive_attributes": [],
          "identity_schema_version": 0,
          "private": "eyJlMmJmYjczMC1lY2FhLTExZTYtOGY4OC0zNDM2M2JjN2M0YzAiOnsiY3JlYXRlIjoxMjAwMDAwMDAwMDAwLCJkZWxldGUiOjEyMDAwMDAwMDAwMDAsInJlYWQiOjYwMDAwMDAwMDAwMCwidXBkYXRlIjoxMjAwMDAwMDAwMDAwfX0="
        }
      ]
    },
    {
      "mode": "managed",
      "type": "google_project_service",
      "name": "sqladmin_api",
      "provider": "provider[\"registry.terraform.io/hashicorp/google\"]",
      "instances": [
        {
          "schema_version": 0,
          "attributes": {
            "disable_dependent_services": null,
            "disable_on_destroy": false,
            "id": "hybrid-pipeline-demo-2026/sqladmin.googleapis.com",
            "project": "hybrid-pipeline-demo-2026",
            "service": "sqladmin.googleapis.com",
            "timeouts": null
          },
          "sensitive_attributes": [],
          "identity_schema_version": 0,
          "private": "eyJlMmJmYjczMC1lY2FhLTExZTYtOGY4OC0zNDM2M2JjN2M0YzAiOnsiY3JlYXRlIjoxMjAwMDAwMDAwMDAwLCJkZWxldGUiOjEyMDAwMDAwMDAwMDAsInJlYWQiOjYwMDAwMDAwMDAwMCwidXBkYXRlIjoxMjAwMDAwMDAwMDAwfX0="
        }
      ]
    },
    {
      "mode": "managed",
      "type": "google_project_service",
      "name": "storage_api",
      "provider": "provider[\"registry.terraform.io/hashicorp/google\"]",
      "instances": [
        {
          "schema_version": 0,
          "attributes": {
            "disable_dependent_services": null,
            "disable_on_destroy": false,
            "id": "hybrid-pipeline-demo-2026/storage.googleapis.com",
            "project": "hybrid-pipeline-demo-2026",
            "service": "storage.googleapis.com",
            "timeouts": null
          },
          "sensitive_attributes": [],
          "identity_schema_version": 0,
          "private": "eyJlMmJmYjczMC1lY2FhLTExZTYtOGY4OC0zNDM2M2JjN2M0YzAiOnsiY3JlYXRlIjoxMjAwMDAwMDAwMDAwLCJkZWxldGUiOjEyMDAwMDAwMDAwMDAsInJlYWQiOjYwMDAwMDAwMDAwMCwidXBkYXRlIjoxMjAwMDAwMDAwMDAwfX0="
        }
      ]
    },
    {
      "mode": "managed",
      "type": "google_pubsub_subscription",
      "name": "localstack_events_sub",
      "provider": "provider[\"registry.terraform.io/hashicorp/google\"]",
      "instances": [
        {
          "schema_version": 0,
          "attributes": {
            "ack_deadline_seconds": 60,
            "bigquery_config": [],
            "cloud_storage_config": [],
            "dead_letter_policy": [
              {
                "dead_letter_topic": "projects/hybrid-pipeline-demo-2026/topics/localstack-events-dlq",
                "max_delivery_attempts": 5
              }
            ],
            "enable_exactly_once_delivery": false,
            "enable_message_ordering": false,
            "expiration_policy": [
              {
                "ttl": "2678400s"
              }
            ],
            "filter": "",
            "id": "projects/hybrid-pipeline-demo-2026/subscriptions/localstack-events-subscription",
            "labels": {},
            "message_retention_duration": "86400s",
            "name": "localstack-events-subscription",
            "project": "hybrid-pipeline-demo-2026",
            "push_config": [],
            "retain_acked_messages": false,
            "retry_policy": [
              {
                "maximum_backoff": "600s",
                "minimum_backoff": "10s"
              }
            ],
            "timeouts": {
              "create": null,
              "delete": null,
              "update": null
            },
            "topic": "projects/hybrid-pipeline-demo-2026/topics/localstack-events"
          },
          "sensitive_attributes": [],
          "identity_schema_version": 0,
          "private": "eyJlMmJmYjczMC1lY2FhLTExZTYtOGY4OC0zNDM2M2JjN2M0YzAiOnsiY3JlYXRlIjoxMjAwMDAwMDAwMDAwLCJkZWxldGUiOjEyMDAwMDAwMDAwMDAsInVwZGF0ZSI6MTIwMDAwMDAwMDAwMH0sInNjaGVtYV92ZXJzaW9uIjoiMCJ9",
          "dependencies": [
            "google_project_service.pubsub_api",
            "google_pubsub_topic.localstack_events",
            "google_pubsub_topic.localstack_events_dlq"
          ]
        }
      ]
    },
    {
      "mode": "managed",
      "type": "google_pubsub_topic",
      "name": "localstack_events",
      "provider": "provider[\"registry.terraform.io/hashicorp/google\"]",
      "instances": [
        {
          "schema_version": 0,
          "attributes": {
            "id": "projects/hybrid-pipeline-demo-2026/topics/localstack-events",
            "kms_key_name": "",
            "labels": {
              "environment": "dev",
              "project": "hybrid-cloud-pipeline"
            },
            "message_retention_duration": "86400s",
            "message_storage_policy": [],
            "name": "localstack-events",
            "project": "hybrid-pipeline-demo-2026",
            "schema_settings": [],
            "timeouts": null
          },
          "sensitive_attributes": [],
          "identity_schema_version": 0,
          "private": "eyJlMmJmYjczMC1lY2FhLTExZTYtOGY4OC0zNDM2M2JjN2M0YzAiOnsiY3JlYXRlIjoxMjAwMDAwMDAwMDAwLCJkZWxldGUiOjEyMDAwMDAwMDAwMDAsInVwZGF0ZSI6MTIwMDAwMDAwMDAwMH19",
          "dependencies": [
            "google_project_service.pubsub_api"
          ]
        }
      ]
    },
    {
      "mode": "managed",
      "type": "google_pubsub_topic",
      "name": "localstack_events_dlq",
      "provider": "provider[\"registry.terraform.io/hashicorp/google\"]",
      "instances": [
        {
          "schema_version": 0,
          "attributes": {
            "id": "projects/hybrid-pipeline-demo-2026/topics/localstack-events-dlq",
            "kms_key_name": "",
            "labels": {},
            "message_retention_duration": "",
            "message_storage_policy": [],
            "name": "localstack-events-dlq",
            "project": "hybrid-pipeline-demo-2026",
            "schema_settings": [],
            "timeouts": null
          },
          "sensitive_attributes": [],
          "identity_schema_version": 0,
          "private": "eyJlMmJmYjczMC1lY2FhLTExZTYtOGY4OC0zNDM2M2JjN2M0YzAiOnsiY3JlYXRlIjoxMjAwMDAwMDAwMDAwLCJkZWxldGUiOjEyMDAwMDAwMDAwMDAsInVwZGF0ZSI6MTIwMDAwMDAwMDAwMH19",
          "dependencies": [
            "google_project_service.pubsub_api"
          ]
        }
      ]
    },
    {
      "mode": "managed",
      "type": "google_secret_manager_secret",
      "name": "sql_password",
      "provider": "provider[\"registry.terraform.io/hashicorp/google\"]",
      "instances": [
        {
          "schema_version": 0,
          "attributes": {
            "annotations": {},
            "create_time": "2026-06-13T06:23:06.768281Z",
            "expire_time": "",
            "id": "projects/hybrid-pipeline-demo-2026/secrets/pipeline-sql-password",
            "labels": {},
            "name": "projects/838280739158/secrets/pipeline-sql-password",
            "project": "hybrid-pipeline-demo-2026",
            "replication": [
              {
                "auto": [
                  {
                    "customer_managed_encryption": []
                  }
                ],
                "automatic": false,
                "user_managed": []
              }
            ],
            "rotation": [],
            "secret_id": "pipeline-sql-password",
            "timeouts": null,
            "topics": [],
            "ttl": null,
            "version_aliases": {}
          },
          "sensitive_attributes": [],
          "identity_schema_version": 0,
          "private": "eyJlMmJmYjczMC1lY2FhLTExZTYtOGY4OC0zNDM2M2JjN2M0YzAiOnsiY3JlYXRlIjoxMjAwMDAwMDAwMDAwLCJkZWxldGUiOjEyMDAwMDAwMDAwMDAsInVwZGF0ZSI6MTIwMDAwMDAwMDAwMH19",
          "dependencies": [
            "google_project_service.secretmanager_api"
          ]
        }
      ]
    },
    {
      "mode": "managed",
      "type": "google_secret_manager_secret_iam_member",
      "name": "function_secret_access",
      "provider": "provider[\"registry.terraform.io/hashicorp/google\"]",
      "instances": [
        {
          "schema_version": 0,
          "attributes": {
            "condition": [],
            "etag": "BwZUHKCU/f0=",
            "id": "projects/hybrid-pipeline-demo-2026/secrets/pipeline-sql-password/roles/secretmanager.secretAccessor/serviceAccount:838280739158-compute@developer.gserviceaccount.com",
            "member": "serviceAccount:838280739158-compute@developer.gserviceaccount.com",
            "project": "hybrid-pipeline-demo-2026",
            "role": "roles/secretmanager.secretAccessor",
            "secret_id": "projects/hybrid-pipeline-demo-2026/secrets/pipeline-sql-password"
          },
          "sensitive_attributes": [],
          "identity_schema_version": 0,
          "private": "bnVsbA==",
          "dependencies": [
            "data.google_project.project",
            "google_project_service.secretmanager_api",
            "google_secret_manager_secret.sql_password"
          ]
        }
      ]
    },
    {
      "mode": "managed",
      "type": "google_secret_manager_secret_version",
      "name": "sql_password_version",
      "provider": "provider[\"registry.terraform.io/hashicorp/google\"]",
      "instances": [
        {
          "schema_version": 0,
          "attributes": {
            "create_time": "2026-06-13T06:23:12.688002Z",
            "deletion_policy": "DELETE",
            "destroy_time": "",
            "enabled": true,
            "id": "projects/838280739158/secrets/pipeline-sql-password/versions/1",
            "is_secret_data_base64": false,
            "name": "projects/838280739158/secrets/pipeline-sql-password/versions/1",
            "secret": "projects/hybrid-pipeline-demo-2026/secrets/pipeline-sql-password",
            "secret_data": "Pipeline@2026!",
            "timeouts": null,
            "version": "1"
          },
          "sensitive_attributes": [
            [
              {
                "type": "get_attr",
                "value": "secret_data"
              }
            ]
          ],
          "identity_schema_version": 0,
          "private": "eyJlMmJmYjczMC1lY2FhLTExZTYtOGY4OC0zNDM2M2JjN2M0YzAiOnsiY3JlYXRlIjoxMjAwMDAwMDAwMDAwLCJkZWxldGUiOjEyMDAwMDAwMDAwMDB9fQ==",
          "dependencies": [
            "google_project_service.secretmanager_api",
            "google_secret_manager_secret.sql_password"
          ]
        }
      ]
    },
    {
      "mode": "managed",
      "type": "google_sql_database",
      "name": "pipeline_db",
      "provider": "provider[\"registry.terraform.io/hashicorp/google\"]",
      "instances": [
        {
          "schema_version": 0,
          "attributes": {
            "charset": "UTF8",
            "collation": "en_US.UTF8",
            "deletion_policy": "DELETE",
            "id": "projects/hybrid-pipeline-demo-2026/instances/pipeline-sql-instance/databases/pipelinedb",
            "instance": "pipeline-sql-instance",
            "name": "pipelinedb",
            "project": "hybrid-pipeline-demo-2026",
            "self_link": "https://sqladmin.googleapis.com/sql/v1beta4/projects/hybrid-pipeline-demo-2026/instances/pipeline-sql-instance/databases/pipelinedb",
            "timeouts": null
          },
          "sensitive_attributes": [],
          "identity_schema_version": 0,
          "private": "eyJlMmJmYjczMC1lY2FhLTExZTYtOGY4OC0zNDM2M2JjN2M0YzAiOnsiY3JlYXRlIjoxMjAwMDAwMDAwMDAwLCJkZWxldGUiOjEyMDAwMDAwMDAwMDAsInVwZGF0ZSI6MTIwMDAwMDAwMDAwMH19",
          "dependencies": [
            "google_project_service.sqladmin_api",
            "google_sql_database_instance.pipeline_instance"
          ]
        }
      ]
    },
    {
      "mode": "managed",
      "type": "google_sql_database_instance",
      "name": "pipeline_instance",
      "provider": "provider[\"registry.terraform.io/hashicorp/google\"]",
      "instances": [
        {
          "schema_version": 0,
          "attributes": {
            "available_maintenance_versions": [],
            "clone": [],
            "connection_name": "hybrid-pipeline-demo-2026:us-central1:pipeline-sql-instance",
            "database_version": "POSTGRES_14",
            "deletion_protection": false,
            "dns_name": "",
            "encryption_key_name": null,
            "first_ip_address": "34.67.89.94",
            "id": "pipeline-sql-instance",
            "instance_type": "CLOUD_SQL_INSTANCE",
            "ip_address": [
              {
                "ip_address": "34.67.89.94",
                "time_to_retire": "",
                "type": "PRIMARY"
              },
              {
                "ip_address": "34.132.38.202",
                "time_to_retire": "",
                "type": "OUTGOING"
              }
            ],
            "maintenance_version": "POSTGRES_14_22.R20260319.04_04",
            "master_instance_name": "",
            "name": "pipeline-sql-instance",
            "private_ip_address": "",
            "project": "hybrid-pipeline-demo-2026",
            "psc_service_attachment_link": "",
            "public_ip_address": "34.67.89.94",
            "region": "us-central1",
            "replica_configuration": [],
            "restore_backup_context": [],
            "root_password": null,
            "self_link": "https://sqladmin.googleapis.com/sql/v1beta4/projects/hybrid-pipeline-demo-2026/instances/pipeline-sql-instance",
            "server_ca_cert": [
              {
                "cert": "-----BEGIN CERTIFICATE-----\nMIIDcTCCAlmgAwIBAgIBADANBgkqhkiG9w0BAQsFADBwMS0wKwYDVQQuEyQ2MmJl\nZDg5My1lNzE4LTRlNzAtODVkZi05MDNiMDhmNGJmNWMxHDAaBgNVBAMTE0Nsb3Vk\nIFNRTCBTZXJ2ZXIgQ0ExFDASBgNVBAoTC0dvb2dsZSwgSW5jMQswCQYDVQQGEwJV\nUzAeFw0yNjA2MTMwNjIyNDNaFw0zNjA2MTAwNjIzNDNaMHAxLTArBgNVBC4TJDYy\nYmVkODkzLWU3MTgtNGU3MC04NWRmLTkwM2IwOGY0YmY1YzEcMBoGA1UEAxMTQ2xv\ndWQgU1FMIFNlcnZlciBDQTEUMBIGA1UEChMLR29vZ2xlLCBJbmMxCzAJBgNVBAYT\nAlVTMIIBIjANBgkqhkiG9w0BAQEFAAOCAQ8AMIIBCgKCAQEA3MARJQZxA2Q7KK94\n8afOUjoxjDFwpzCg8nuoaN72FHllDDS379FQTgDG1GK4QVVwjeXBSg0pW++YOYQT\n53ZglRq5+w4ZAIv/zJxUGvbKYoCi05e97f03UVrpZVsrf9ZAZGsZEK5gp0esBG2r\nbNJ8Rxqbw4SSyxltrj4Tt/MnzLzw+jj6NIJc70gWG+J1CraJQNIdw/4fBXH+5G7l\nddrA8ci3/z31SytenSQnKTga6ouQuQ0CeMRW4q0aAmRF9iv2wckCA/cFP3gMEw//\nea8B1QXDNasYfHS8WVuvPzJpKrMJNhuacp+jm/abk/WWaSye2J79QRjXuRglw5Bq\nZTGZxwIDAQABoxYwFDASBgNVHRMBAf8ECDAGAQH/AgEAMA0GCSqGSIb3DQEBCwUA\nA4IBAQCpPIRAv6f6fmnS7aepN6UYoHEzqDhxsJ8UM0+DABTGbju/8UdRQP1xhaOg\n0Vpi63a9YQm9heM0cuC+QZInWXZ3c0jbG4lZ59YQkMqqaDGqAvYThDMFnB1yob/w\n7m5xM9B5vSAq6pghO1nMpk7Akfw0VxoEB9jKASAKZSJesWYyHb1YbPlJf0vvzwS2\nZbmUZkqBqgudCp+AJsvXnLSZmItE3Y7nfwAeada6JbuRnpHaotNXAu7QwlJkQmWI\nmkJaHkumR7e086g6RU2oeNufOw+l+NXQk80MhPCjsKjIPoGTt92PFulrJyDUQKAA\nc/G8xpMefxw1ihC8vNwaBzlcEtXR\n-----END CERTIFICATE-----",
                "common_name": "C=US,O=Google\\, Inc,CN=Cloud SQL Server CA,dnQualifier=62bed893-e718-4e70-85df-903b08f4bf5c",
                "create_time": "2026-06-13T06:22:43.948Z",
                "expiration_time": "2036-06-10T06:23:43.948Z",
                "sha1_fingerprint": "e8977804bfc96328b83dd36403b5a9e5fafff169"
              }
            ],
            "service_account_email_address": "p838280739158-ibfb78@gcp-sa-cloud-sql.iam.gserviceaccount.com",
            "settings": [
              {
                "activation_policy": "ALWAYS",
                "active_directory_config": [],
                "advanced_machine_features": [],
                "availability_type": "ZONAL",
                "backup_configuration": [
                  {
                    "backup_retention_settings": [
                      {
                        "retained_backups": 7,
                        "retention_unit": "COUNT"
                      }
                    ],
                    "binary_log_enabled": false,
                    "enabled": true,
                    "location": "",
                    "point_in_time_recovery_enabled": false,
                    "start_time": "02:00",
                    "transaction_log_retention_days": 7
                  }
                ],
                "collation": "",
                "connector_enforcement": "NOT_REQUIRED",
                "data_cache_config": [],
                "database_flags": [
                  {
                    "name": "max_connections",
                    "value": "100"
                  }
                ],
                "deletion_protection_enabled": false,
                "deny_maintenance_period": [],
                "disk_autoresize": true,
                "disk_autoresize_limit": 0,
                "disk_size": 10,
                "disk_type": "PD_SSD",
                "edition": "ENTERPRISE",
                "insights_config": [],
                "ip_configuration": [
                  {
                    "allocated_ip_range": "",
                    "authorized_networks": [
                      {
                        "expiration_time": "",
                        "name": "all",
                        "value": "0.0.0.0/0"
                      }
                    ],
                    "enable_private_path_for_google_cloud_services": false,
                    "ipv4_enabled": true,
                    "private_network": "",
                    "psc_config": [],
                    "require_ssl": false
                  }
                ],
                "location_preference": [
                  {
                    "follow_gae_application": "",
                    "secondary_zone": "",
                    "zone": "us-central1-a"
                  }
                ],
                "maintenance_window": [],
                "password_validation_policy": [],
                "pricing_plan": "PER_USE",
                "sql_server_audit_config": [],
                "tier": "db-f1-micro",
                "time_zone": "",
                "user_labels": {},
                "version": 2
              }
            ],
            "timeouts": null
          },
          "sensitive_attributes": [
            [
              {
                "type": "get_attr",
                "value": "root_password"
              }
            ]
          ],
          "identity_schema_version": 0,
          "private": "eyJlMmJmYjczMC1lY2FhLTExZTYtOGY4OC0zNDM2M2JjN2M0YzAiOnsiY3JlYXRlIjoyNDAwMDAwMDAwMDAwLCJkZWxldGUiOjE4MDAwMDAwMDAwMDAsInVwZGF0ZSI6MTgwMDAwMDAwMDAwMH19",
          "dependencies": [
            "google_project_service.sqladmin_api"
          ]
        }
      ]
    },
    {
      "mode": "managed",
      "type": "google_sql_user",
      "name": "pipeline_user",
      "provider": "provider[\"registry.terraform.io/hashicorp/google\"]",
      "instances": [
        {
          "schema_version": 1,
          "attributes": {
            "deletion_policy": null,
            "host": "",
            "id": "pipeline_user//pipeline-sql-instance",
            "instance": "pipeline-sql-instance",
            "name": "pipeline_user",
            "password": "Pipeline@2026!",
            "password_policy": [],
            "project": "hybrid-pipeline-demo-2026",
            "sql_server_user_details": [],
            "timeouts": null,
            "type": ""
          },
          "sensitive_attributes": [
            [
              {
                "type": "get_attr",
                "value": "password"
              }
            ]
          ],
          "identity_schema_version": 0,
          "private": "eyJlMmJmYjczMC1lY2FhLTExZTYtOGY4OC0zNDM2M2JjN2M0YzAiOnsiY3JlYXRlIjo2MDAwMDAwMDAwMDAsImRlbGV0ZSI6NjAwMDAwMDAwMDAwLCJ1cGRhdGUiOjYwMDAwMDAwMDAwMH0sInNjaGVtYV92ZXJzaW9uIjoiMSJ9",
          "dependencies": [
            "google_project_service.sqladmin_api",
            "google_sql_database_instance.pipeline_instance"
          ]
        }
      ]
    },
    {
      "mode": "managed",
      "type": "google_storage_bucket",
      "name": "function_source_bucket",
      "provider": "provider[\"registry.terraform.io/hashicorp/google\"]",
      "instances": [
        {
          "schema_version": 0,
          "attributes": {
            "autoclass": [],
            "cors": [],
            "custom_placement_config": [],
            "default_event_based_hold": false,
            "encryption": [],
            "force_destroy": true,
            "id": "hybrid-pipeline-demo-2026-function-source",
            "labels": {},
            "lifecycle_rule": [],
            "location": "US-CENTRAL1",
            "logging": [],
            "name": "hybrid-pipeline-demo-2026-function-source",
            "project": "hybrid-pipeline-demo-2026",
            "public_access_prevention": "inherited",
            "requester_pays": false,
            "retention_policy": [],
            "self_link": "https://www.googleapis.com/storage/v1/b/hybrid-pipeline-demo-2026-function-source",
            "soft_delete_policy": [
              {
                "effective_time": "2026-06-13T06:23:07.599Z",
                "retention_duration_seconds": 604800
              }
            ],
            "storage_class": "STANDARD",
            "timeouts": null,
            "uniform_bucket_level_access": true,
            "url": "gs://hybrid-pipeline-demo-2026-function-source",
            "versioning": [],
            "website": []
          },
          "sensitive_attributes": [],
          "identity_schema_version": 0,
          "private": "eyJlMmJmYjczMC1lY2FhLTExZTYtOGY4OC0zNDM2M2JjN2M0YzAiOnsiY3JlYXRlIjo2MDAwMDAwMDAwMDAsInJlYWQiOjI0MDAwMDAwMDAwMCwidXBkYXRlIjoyNDAwMDAwMDAwMDB9fQ==",
          "dependencies": [
            "google_project_service.storage_api"
          ]
        }
      ]
    },
    {
      "mode": "managed",
      "type": "google_storage_bucket_object",
      "name": "processor_function_source",
      "provider": "provider[\"registry.terraform.io/hashicorp/google\"]",
      "instances": [
        {
          "schema_version": 0,
          "attributes": {
            "bucket": "hybrid-pipeline-demo-2026-function-source",
            "cache_control": "",
            "content": null,
            "content_disposition": "",
            "content_encoding": "",
            "content_language": "",
            "content_type": "application/zip",
            "crc32c": "08RAWw==",
            "customer_encryption": [],
            "detect_md5hash": "uk5gFLv/t9dPEBGwZg6pJA==",
            "event_based_hold": false,
            "id": "hybrid-pipeline-demo-2026-function-source-processor_function_ba4e6014bbffb7d74f1011b0660ea924.zip",
            "kms_key_name": "",
            "md5hash": "uk5gFLv/t9dPEBGwZg6pJA==",
            "media_link": "https://storage.googleapis.com/download/storage/v1/b/hybrid-pipeline-demo-2026-function-source/o/processor_function_ba4e6014bbffb7d74f1011b0660ea924.zip?generation=1781331791309704\u0026alt=media",
            "metadata": {},
            "name": "processor_function_ba4e6014bbffb7d74f1011b0660ea924.zip",
            "output_name": "processor_function_ba4e6014bbffb7d74f1011b0660ea924.zip",
            "self_link": "https://www.googleapis.com/storage/v1/b/hybrid-pipeline-demo-2026-function-source/o/processor_function_ba4e6014bbffb7d74f1011b0660ea924.zip",
            "source": "./../src/processor_function.zip",
            "storage_class": "STANDARD",
            "temporary_hold": false,
            "timeouts": null
          },
          "sensitive_attributes": [
            [
              {
                "type": "get_attr",
                "value": "content"
              }
            ]
          ],
          "identity_schema_version": 0,
          "private": "eyJlMmJmYjczMC1lY2FhLTExZTYtOGY4OC0zNDM2M2JjN2M0YzAiOnsiY3JlYXRlIjoyNDAwMDAwMDAwMDAsImRlbGV0ZSI6MjQwMDAwMDAwMDAwLCJ1cGRhdGUiOjI0MDAwMDAwMDAwMH19",
          "dependencies": [
            "data.archive_file.processor_function_zip",
            "google_project_service.storage_api",
            "google_storage_bucket.function_source_bucket"
          ]
        }
      ]
    }
  ],
  "check_results": null
}
